PODS:
  - Alamofire (5.4.3)
  - Kingfisher (6.3.1)
  - Moya (14.0.0):
    - Moya/Core (= 14.0.0)
  - Moya/Core (14.0.0):
    - Alamofire (~> 5.0)
  - MurkyVideoPlayer (0.1.0)

DEPENDENCIES:
  - Kingfisher (~> 6.0)
  - Moya (~> 14.0)
  - MurkyVideoPlayer (from `https://github.com/Murmeko/MurkyVideoPlayer.git`)

SPEC REPOS:
  trunk:
    - Alamofire
    - Kingfisher
    - Moya

EXTERNAL SOURCES:
  MurkyVideoPlayer:
    :git: https://github.com/Murmeko/MurkyVideoPlayer.git

CHECKOUT OPTIONS:
  MurkyVideoPlayer:
    :commit: 2ecbad24cce706f194a3673018fd434b8fe55c52
    :git: https://github.com/Murmeko/MurkyVideoPlayer.git

SPEC CHECKSUMS:
  Alamofire: e447a2774a40c996748296fa2c55112fdbbc42f9
  Kingfisher: 016c8b653a35add51dd34a3aba36b580041acc74
  Moya: 5b45dacb75adb009f97fde91c204c1e565d31916
  MurkyVideoPlayer: 0a6511e47343e8e37b770170a38c0aa209c1098b

PODFILE CHECKSUM: 019afcb7f11bed71841d33850217455528265d7a

COCOAPODS: 1.10.2
