// !$*UTF8*$!
{
	archiveVersion = 1;
	classes = {
	};
	objectVersion = 51;
	objects = {

/* Begin PBXBuildFile section */
		1B35721C26CACBB700E0FF69 /* VideosModel.swift in Sources */ = {isa = PBXBuildFile; fileRef = 1B35721B26CACBB700E0FF69 /* VideosModel.swift */; };
		1B35722226CACDAC00E0FF69 /* VideosViewModel.swift in Sources */ = {isa = PBXBuildFile; fileRef = 1B35722126CACDAC00E0FF69 /* VideosViewModel.swift */; };
		1B35722526CACDF600E0FF69 /* DHVideosAPI.swift in Sources */ = {isa = PBXBuildFile; fileRef = 1B35722426CACDF600E0FF69 /* DHVideosAPI.swift */; };
		1B35722726CACE0D00E0FF69 /* NetworkManager.swift in Sources */ = {isa = PBXBuildFile; fileRef = 1B35722626CACE0D00E0FF69 /* NetworkManager.swift */; };
		1B35722926CACE3300E0FF69 /* Constants.swift in Sources */ = {isa = PBXBuildFile; fileRef = 1B35722826CACE3300E0FF69 /* Constants.swift */; };
		1B38290626DD4B4A00E84EA4 /* VideosCollectionViewCell.swift in Sources */ = {isa = PBXBuildFile; fileRef = 1B38290426DD4B4A00E84EA4 /* VideosCollectionViewCell.swift */; };
		1B38290726DD4B4B00E84EA4 /* VideosCollectionViewCell.xib in Resources */ = {isa = PBXBuildFile; fileRef = 1B38290526DD4B4A00E84EA4 /* VideosCollectionViewCell.xib */; };
		1B38290926DD4B6100E84EA4 /* VideosCollectionViewController.swift in Sources */ = {isa = PBXBuildFile; fileRef = 1B38290826DD4B6100E84EA4 /* VideosCollectionViewController.swift */; };
		1BA04E9C26DDF77600F542A8 /* VideoDetailsViewController.swift in Sources */ = {isa = PBXBuildFile; fileRef = 1BA04E9B26DDF77600F542A8 /* VideoDetailsViewController.swift */; };
		1BA04E9E26DDFA6C00F542A8 /* VideoDetailsViewModel.swift in Sources */ = {isa = PBXBuildFile; fileRef = 1BA04E9D26DDFA6C00F542A8 /* VideoDetailsViewModel.swift */; };
		1BD15E9126CAC36F002F0145 /* AppDelegate.swift in Sources */ = {isa = PBXBuildFile; fileRef = 1BD15E9026CAC36F002F0145 /* AppDelegate.swift */; };
		1BD15E9326CAC36F002F0145 /* SceneDelegate.swift in Sources */ = {isa = PBXBuildFile; fileRef = 1BD15E9226CAC36F002F0145 /* SceneDelegate.swift */; };
		1BD15E9826CAC36F002F0145 /* Main.storyboard in Resources */ = {isa = PBXBuildFile; fileRef = 1BD15E9626CAC36F002F0145 /* Main.storyboard */; };
		1BD15E9A26CAC370002F0145 /* Assets.xcassets in Resources */ = {isa = PBXBuildFile; fileRef = 1BD15E9926CAC370002F0145 /* Assets.xcassets */; };
		1BD15E9D26CAC370002F0145 /* LaunchScreen.storyboard in Resources */ = {isa = PBXBuildFile; fileRef = 1BD15E9B26CAC370002F0145 /* LaunchScreen.storyboard */; };
		1BD34ADB26DE0B8000842B40 /* VideoDetailsHeaderTableViewCell.swift in Sources */ = {isa = PBXBuildFile; fileRef = 1BD34AD926DE0B8000842B40 /* VideoDetailsHeaderTableViewCell.swift */; };
		1BD34ADC26DE0B8000842B40 /* VideoDetailsHeaderTableViewCell.xib in Resources */ = {isa = PBXBuildFile; fileRef = 1BD34ADA26DE0B8000842B40 /* VideoDetailsHeaderTableViewCell.xib */; };
		2F8B12884C93EB03744AD4CF /* Pods_DH_Video_Lite.framework in Frameworks */ = {isa = PBXBuildFile; fileRef = 9A5C983D1C119E4340FFE6EB /* Pods_DH_Video_Lite.framework */; };
/* End PBXBuildFile section */

/* Begin PBXFileReference section */
		1B35721B26CACBB700E0FF69 /* VideosModel.swift */ = {isa = PBXFileReference; lastKnownFileType = sourcecode.swift; path = VideosModel.swift; sourceTree = "<group>"; };
		1B35722126CACDAC00E0FF69 /* VideosViewModel.swift */ = {isa = PBXFileReference; lastKnownFileType = sourcecode.swift; path = VideosViewModel.swift; sourceTree = "<group>"; };
		1B35722426CACDF600E0FF69 /* DHVideosAPI.swift */ = {isa = PBXFileReference; lastKnownFileType = sourcecode.swift; path = DHVideosAPI.swift; sourceTree = "<group>"; };
		1B35722626CACE0D00E0FF69 /* NetworkManager.swift */ = {isa = PBXFileReference; lastKnownFileType = sourcecode.swift; path = NetworkManager.swift; sourceTree = "<group>"; };
		1B35722826CACE3300E0FF69 /* Constants.swift */ = {isa = PBXFileReference; lastKnownFileType = sourcecode.swift; path = Constants.swift; sourceTree = "<group>"; };
		1B38290426DD4B4A00E84EA4 /* VideosCollectionViewCell.swift */ = {isa = PBXFileReference; lastKnownFileType = sourcecode.swift; path = VideosCollectionViewCell.swift; sourceTree = "<group>"; };
		1B38290526DD4B4A00E84EA4 /* VideosCollectionViewCell.xib */ = {isa = PBXFileReference; lastKnownFileType = file.xib; path = VideosCollectionViewCell.xib; sourceTree = "<group>"; };
		1B38290826DD4B6100E84EA4 /* VideosCollectionViewController.swift */ = {isa = PBXFileReference; lastKnownFileType = sourcecode.swift; path = VideosCollectionViewController.swift; sourceTree = "<group>"; };
		1BA04E9B26DDF77600F542A8 /* VideoDetailsViewController.swift */ = {isa = PBXFileReference; lastKnownFileType = sourcecode.swift; path = VideoDetailsViewController.swift; sourceTree = "<group>"; };
		1BA04E9D26DDFA6C00F542A8 /* VideoDetailsViewModel.swift */ = {isa = PBXFileReference; lastKnownFileType = sourcecode.swift; path = VideoDetailsViewModel.swift; sourceTree = "<group>"; };
		1BD15E8D26CAC36F002F0145 /* DH Video Lite.app */ = {isa = PBXFileReference; explicitFileType = wrapper.application; includeInIndex = 0; path = "DH Video Lite.app"; sourceTree = BUILT_PRODUCTS_DIR; };
		1BD15E9026CAC36F002F0145 /* AppDelegate.swift */ = {isa = PBXFileReference; lastKnownFileType = sourcecode.swift; path = AppDelegate.swift; sourceTree = "<group>"; };
		1BD15E9226CAC36F002F0145 /* SceneDelegate.swift */ = {isa = PBXFileReference; lastKnownFileType = sourcecode.swift; path = SceneDelegate.swift; sourceTree = "<group>"; };
		1BD15E9726CAC36F002F0145 /* Base */ = {isa = PBXFileReference; lastKnownFileType = file.storyboard; name = Base; path = Base.lproj/Main.storyboard; sourceTree = "<group>"; };
		1BD15E9926CAC370002F0145 /* Assets.xcassets */ = {isa = PBXFileReference; lastKnownFileType = folder.assetcatalog; path = Assets.xcassets; sourceTree = "<group>"; };
		1BD15E9C26CAC370002F0145 /* Base */ = {isa = PBXFileReference; lastKnownFileType = file.storyboard; name = Base; path = Base.lproj/LaunchScreen.storyboard; sourceTree = "<group>"; };
		1BD15E9E26CAC370002F0145 /* Info.plist */ = {isa = PBXFileReference; lastKnownFileType = text.plist.xml; path = Info.plist; sourceTree = "<group>"; };
		1BD34AD926DE0B8000842B40 /* VideoDetailsHeaderTableViewCell.swift */ = {isa = PBXFileReference; lastKnownFileType = sourcecode.swift; path = VideoDetailsHeaderTableViewCell.swift; sourceTree = "<group>"; };
		1BD34ADA26DE0B8000842B40 /* VideoDetailsHeaderTableViewCell.xib */ = {isa = PBXFileReference; lastKnownFileType = file.xib; path = VideoDetailsHeaderTableViewCell.xib; sourceTree = "<group>"; };
		95FD1209B0BFE864819C1AF0 /* Pods-DH Video Lite.release.xcconfig */ = {isa = PBXFileReference; includeInIndex = 1; lastKnownFileType = text.xcconfig; name = "Pods-DH Video Lite.release.xcconfig"; path = "Target Support Files/Pods-DH Video Lite/Pods-DH Video Lite.release.xcconfig"; sourceTree = "<group>"; };
		9A5C983D1C119E4340FFE6EB /* Pods_DH_Video_Lite.framework */ = {isa = PBXFileReference; explicitFileType = wrapper.framework; includeInIndex = 0; path = Pods_DH_Video_Lite.framework; sourceTree = BUILT_PRODUCTS_DIR; };
		C0A03248C361362FCDF525F7 /* Pods-DH Video Lite.debug.xcconfig */ = {isa = PBXFileReference; includeInIndex = 1; lastKnownFileType = text.xcconfig; name = "Pods-DH Video Lite.debug.xcconfig"; path = "Target Support Files/Pods-DH Video Lite/Pods-DH Video Lite.debug.xcconfig"; sourceTree = "<group>"; };
/* End PBXFileReference section */

/* Begin PBXFrameworksBuildPhase section */
		1BD15E8A26CAC36F002F0145 /* Frameworks */ = {
			isa = PBXFrameworksBuildPhase;
			buildActionMask = 2147483647;
			files = (
				2F8B12884C93EB03744AD4CF /* Pods_DH_Video_Lite.framework in Frameworks */,
			);
			runOnlyForDeploymentPostprocessing = 0;
		};
/* End PBXFrameworksBuildPhase section */

/* Begin PBXGroup section */
		1B35721826CACB9400E0FF69 /* ViewModel */ = {
			isa = PBXGroup;
			children = (
				1B35722126CACDAC00E0FF69 /* VideosViewModel.swift */,
				1BA04E9D26DDFA6C00F542A8 /* VideoDetailsViewModel.swift */,
			);
			path = ViewModel;
			sourceTree = "<group>";
		};
		1B35721926CACB9E00E0FF69 /* View */ = {
			isa = PBXGroup;
			children = (
				1B38290826DD4B6100E84EA4 /* VideosCollectionViewController.swift */,
				1BA04E9B26DDF77600F542A8 /* VideoDetailsViewController.swift */,
				1BD15E9626CAC36F002F0145 /* Main.storyboard */,
				1BCE3FB926DC9C8700556371 /* Cells */,
			);
			path = View;
			sourceTree = "<group>";
		};
		1B35721A26CACBA400E0FF69 /* Model */ = {
			isa = PBXGroup;
			children = (
				1B35721B26CACBB700E0FF69 /* VideosModel.swift */,
			);
			path = Model;
			sourceTree = "<group>";
		};
		1B35722326CACDD700E0FF69 /* Network */ = {
			isa = PBXGroup;
			children = (
				1B35722426CACDF600E0FF69 /* DHVideosAPI.swift */,
				1B35722626CACE0D00E0FF69 /* NetworkManager.swift */,
			);
			path = Network;
			sourceTree = "<group>";
		};
		1BCE3FB926DC9C8700556371 /* Cells */ = {
			isa = PBXGroup;
			children = (
				1B38290426DD4B4A00E84EA4 /* VideosCollectionViewCell.swift */,
				1B38290526DD4B4A00E84EA4 /* VideosCollectionViewCell.xib */,
				1BD34AD926DE0B8000842B40 /* VideoDetailsHeaderTableViewCell.swift */,
				1BD34ADA26DE0B8000842B40 /* VideoDetailsHeaderTableViewCell.xib */,
			);
			path = Cells;
			sourceTree = "<group>";
		};
		1BD15E8426CAC36F002F0145 = {
			isa = PBXGroup;
			children = (
				1BD15E8F26CAC36F002F0145 /* DH Video Lite */,
				1BD15E8E26CAC36F002F0145 /* Products */,
				7EA6406EEB11F48DE6ADC535 /* Pods */,
				383C705CAF76E547129B9756 /* Frameworks */,
			);
			sourceTree = "<group>";
		};
		1BD15E8E26CAC36F002F0145 /* Products */ = {
			isa = PBXGroup;
			children = (
				1BD15E8D26CAC36F002F0145 /* DH Video Lite.app */,
			);
			name = Products;
			sourceTree = "<group>";
		};
		1BD15E8F26CAC36F002F0145 /* DH Video Lite */ = {
			isa = PBXGroup;
			children = (
				1BD15E9226CAC36F002F0145 /* SceneDelegate.swift */,
				1BD15E9026CAC36F002F0145 /* AppDelegate.swift */,
				1BD15E9B26CAC370002F0145 /* LaunchScreen.storyboard */,
				1B35721A26CACBA400E0FF69 /* Model */,
				1B35721926CACB9E00E0FF69 /* View */,
				1B35721826CACB9400E0FF69 /* ViewModel */,
				1B35722326CACDD700E0FF69 /* Network */,
				1B35722826CACE3300E0FF69 /* Constants.swift */,
				1BD15E9926CAC370002F0145 /* Assets.xcassets */,
				1BD15E9E26CAC370002F0145 /* Info.plist */,
			);
			path = "DH Video Lite";
			sourceTree = "<group>";
		};
		383C705CAF76E547129B9756 /* Frameworks */ = {
			isa = PBXGroup;
			children = (
				9A5C983D1C119E4340FFE6EB /* Pods_DH_Video_Lite.framework */,
			);
			name = Frameworks;
			sourceTree = "<group>";
		};
		7EA6406EEB11F48DE6ADC535 /* Pods */ = {
			isa = PBXGroup;
			children = (
				C0A03248C361362FCDF525F7 /* Pods-DH Video Lite.debug.xcconfig */,
				95FD1209B0BFE864819C1AF0 /* Pods-DH Video Lite.release.xcconfig */,
			);
			path = Pods;
			sourceTree = "<group>";
		};
/* End PBXGroup section */

/* Begin PBXNativeTarget section */
		1BD15E8C26CAC36F002F0145 /* DH Video Lite */ = {
			isa = PBXNativeTarget;
			buildConfigurationList = 1BD15EA126CAC370002F0145 /* Build configuration list for PBXNativeTarget "DH Video Lite" */;
			buildPhases = (
				384E6782385E0A46CFCB9F51 /* [CP] Check Pods Manifest.lock */,
				1BD15E8926CAC36F002F0145 /* Sources */,
				1BD15E8A26CAC36F002F0145 /* Frameworks */,
				1BD15E8B26CAC36F002F0145 /* Resources */,
				01E7EE3122CFF36D6D4427EF /* [CP] Embed Pods Frameworks */,
			);
			buildRules = (
			);
			dependencies = (
			);
			name = "DH Video Lite";
			productName = "DH Video Lite";
			productReference = 1BD15E8D26CAC36F002F0145 /* DH Video Lite.app */;
			productType = "com.apple.product-type.application";
		};
/* End PBXNativeTarget section */

/* Begin PBXProject section */
		1BD15E8526CAC36F002F0145 /* Project object */ = {
			isa = PBXProject;
			attributes = {
				LastSwiftUpdateCheck = 1250;
				LastUpgradeCheck = 1250;
				TargetAttributes = {
					1BD15E8C26CAC36F002F0145 = {
						CreatedOnToolsVersion = 12.5.1;
					};
				};
			};
			buildConfigurationList = 1BD15E8826CAC36F002F0145 /* Build configuration list for PBXProject "DH Video Lite" */;
			compatibilityVersion = "Xcode 9.3";
			developmentRegion = en;
			hasScannedForEncodings = 0;
			knownRegions = (
				en,
				Base,
			);
			mainGroup = 1BD15E8426CAC36F002F0145;
			productRefGroup = 1BD15E8E26CAC36F002F0145 /* Products */;
			projectDirPath = "";
			projectRoot = "";
			targets = (
				1BD15E8C26CAC36F002F0145 /* DH Video Lite */,
			);
		};
/* End PBXProject section */

/* Begin PBXResourcesBuildPhase section */
		1BD15E8B26CAC36F002F0145 /* Resources */ = {
			isa = PBXResourcesBuildPhase;
			buildActionMask = 2147483647;
			files = (
				1BD15E9D26CAC370002F0145 /* LaunchScreen.storyboard in Resources */,
				1BD15E9A26CAC370002F0145 /* Assets.xcassets in Resources */,
				1BD34ADC26DE0B8000842B40 /* VideoDetailsHeaderTableViewCell.xib in Resources */,
				1B38290726DD4B4B00E84EA4 /* VideosCollectionViewCell.xib in Resources */,
				1BD15E9826CAC36F002F0145 /* Main.storyboard in Resources */,
			);
			runOnlyForDeploymentPostprocessing = 0;
		};
/* End PBXResourcesBuildPhase section */

/* Begin PBXShellScriptBuildPhase section */
		01E7EE3122CFF36D6D4427EF /* [CP] Embed Pods Frameworks */ = {
			isa = PBXShellScriptBuildPhase;
			buildActionMask = 2147483647;
			files = (
			);
			inputFileListPaths = (
				"${PODS_ROOT}/Target Support Files/Pods-DH Video Lite/Pods-DH Video Lite-frameworks-${CONFIGURATION}-input-files.xcfilelist",
			);
			name = "[CP] Embed Pods Frameworks";
			outputFileListPaths = (
				"${PODS_ROOT}/Target Support Files/Pods-DH Video Lite/Pods-DH Video Lite-frameworks-${CONFIGURATION}-output-files.xcfilelist",
			);
			runOnlyForDeploymentPostprocessing = 0;
			shellPath = /bin/sh;
			shellScript = "\"${PODS_ROOT}/Target Support Files/Pods-DH Video Lite/Pods-DH Video Lite-frameworks.sh\"\n";
			showEnvVarsInLog = 0;
		};
		384E6782385E0A46CFCB9F51 /* [CP] Check Pods Manifest.lock */ = {
			isa = PBXShellScriptBuildPhase;
			buildActionMask = 2147483647;
			files = (
			);
			inputFileListPaths = (
			);
			inputPaths = (
				"${PODS_PODFILE_DIR_PATH}/Podfile.lock",
				"${PODS_ROOT}/Manifest.lock",
			);
			name = "[CP] Check Pods Manifest.lock";
			outputFileListPaths = (
			);
			outputPaths = (
				"$(DERIVED_FILE_DIR)/Pods-DH Video Lite-checkManifestLockResult.txt",
			);
			runOnlyForDeploymentPostprocessing = 0;
			shellPath = /bin/sh;
			shellScript = "diff \"${PODS_PODFILE_DIR_PATH}/Podfile.lock\" \"${PODS_ROOT}/Manifest.lock\" > /dev/null\nif [ $? != 0 ] ; then\n    # print error to STDERR\n    echo \"error: The sandbox is not in sync with the Podfile.lock. Run 'pod install' or update your CocoaPods installation.\" >&2\n    exit 1\nfi\n# This output is used by Xcode 'outputs' to avoid re-running this script phase.\necho \"SUCCESS\" > \"${SCRIPT_OUTPUT_FILE_0}\"\n";
			showEnvVarsInLog = 0;
		};
/* End PBXShellScriptBuildPhase section */

/* Begin PBXSourcesBuildPhase section */
		1BD15E8926CAC36F002F0145 /* Sources */ = {
			isa = PBXSourcesBuildPhase;
			buildActionMask = 2147483647;
			files = (
				1B35722526CACDF600E0FF69 /* DHVideosAPI.swift in Sources */,
				1B38290926DD4B6100E84EA4 /* VideosCollectionViewController.swift in Sources */,
				1BD15E9126CAC36F002F0145 /* AppDelegate.swift in Sources */,
				1B35722226CACDAC00E0FF69 /* VideosViewModel.swift in Sources */,
				1B35722726CACE0D00E0FF69 /* NetworkManager.swift in Sources */,
				1BA04E9E26DDFA6C00F542A8 /* VideoDetailsViewModel.swift in Sources */,
				1BD15E9326CAC36F002F0145 /* SceneDelegate.swift in Sources */,
				1BA04E9C26DDF77600F542A8 /* VideoDetailsViewController.swift in Sources */,
				1B35721C26CACBB700E0FF69 /* VideosModel.swift in Sources */,
				1BD34ADB26DE0B8000842B40 /* VideoDetailsHeaderTableViewCell.swift in Sources */,
				1B38290626DD4B4A00E84EA4 /* VideosCollectionViewCell.swift in Sources */,
				1B35722926CACE3300E0FF69 /* Constants.swift in Sources */,
			);
			runOnlyForDeploymentPostprocessing = 0;
		};
/* End PBXSourcesBuildPhase section */

/* Begin PBXVariantGroup section */
		1BD15E9626CAC36F002F0145 /* Main.storyboard */ = {
			isa = PBXVariantGroup;
			children = (
				1BD15E9726CAC36F002F0145 /* Base */,
			);
			name = Main.storyboard;
			sourceTree = "<group>";
		};
		1BD15E9B26CAC370002F0145 /* LaunchScreen.storyboard */ = {
			isa = PBXVariantGroup;
			children = (
				1BD15E9C26CAC370002F0145 /* Base */,
			);
			name = LaunchScreen.storyboard;
			sourceTree = "<group>";
		};
/* End PBXVariantGroup section */

/* Begin XCBuildConfiguration section */
		1BD15E9F26CAC370002F0145 /* Debug */ = {
			isa = XCBuildConfiguration;
			buildSettings = {
				ALWAYS_SEARCH_USER_PATHS = NO;
				CLANG_ANALYZER_NONNULL = YES;
				CLANG_ANALYZER_NUMBER_OBJECT_CONVERSION = YES_AGGRESSIVE;
				CLANG_CXX_LANGUAGE_STANDARD = "gnu++14";
				CLANG_CXX_LIBRARY = "libc++";
				CLANG_ENABLE_MODULES = YES;
				CLANG_ENABLE_OBJC_ARC = YES;
				CLANG_ENABLE_OBJC_WEAK = YES;
				CLANG_WARN_BLOCK_CAPTURE_AUTORELEASING = YES;
				CLANG_WARN_BOOL_CONVERSION = YES;
				CLANG_WARN_COMMA = YES;
				CLANG_WARN_CONSTANT_CONVERSION = YES;
				CLANG_WARN_DEPRECATED_OBJC_IMPLEMENTATIONS = YES;
				CLANG_WARN_DIRECT_OBJC_ISA_USAGE = YES_ERROR;
				CLANG_WARN_DOCUMENTATION_COMMENTS = YES;
				CLANG_WARN_EMPTY_BODY = YES;
				CLANG_WARN_ENUM_CONVERSION = YES;
				CLANG_WARN_INFINITE_RECURSION = YES;
				CLANG_WARN_INT_CONVERSION = YES;
				CLANG_WARN_NON_LITERAL_NULL_CONVERSION = YES;
				CLANG_WARN_OBJC_IMPLICIT_RETAIN_SELF = YES;
				CLANG_WARN_OBJC_LITERAL_CONVERSION = YES;
				CLANG_WARN_OBJC_ROOT_CLASS = YES_ERROR;
				CLANG_WARN_QUOTED_INCLUDE_IN_FRAMEWORK_HEADER = YES;
				CLANG_WARN_RANGE_LOOP_ANALYSIS = YES;
				CLANG_WARN_STRICT_PROTOTYPES = YES;
				CLANG_WARN_SUSPICIOUS_MOVE = YES;
				CLANG_WARN_UNGUARDED_AVAILABILITY = YES_AGGRESSIVE;
				CLANG_WARN_UNREACHABLE_CODE = YES;
				CLANG_WARN__DUPLICATE_METHOD_MATCH = YES;
				COPY_PHASE_STRIP = NO;
				DEBUG_INFORMATION_FORMAT = dwarf;
				ENABLE_STRICT_OBJC_MSGSEND = YES;
				ENABLE_TESTABILITY = YES;
				GCC_C_LANGUAGE_STANDARD = gnu11;
				GCC_DYNAMIC_NO_PIC = NO;
				GCC_NO_COMMON_BLOCKS = YES;
				GCC_OPTIMIZATION_LEVEL = 0;
				GCC_PREPROCESSOR_DEFINITIONS = (
					"DEBUG=1",
					"$(inherited)",
				);
				GCC_WARN_64_TO_32_BIT_CONVERSION = YES;
				GCC_WARN_ABOUT_RETURN_TYPE = YES_ERROR;
				GCC_WARN_UNDECLARED_SELECTOR = YES;
				GCC_WARN_UNINITIALIZED_AUTOS = YES_AGGRESSIVE;
				GCC_WARN_UNUSED_FUNCTION = YES;
				GCC_WARN_UNUSED_VARIABLE = YES;
				IPHONEOS_DEPLOYMENT_TARGET = 14.5;
				MTL_ENABLE_DEBUG_INFO = INCLUDE_SOURCE;
				MTL_FAST_MATH = YES;
				ONLY_ACTIVE_ARCH = YES;
				SDKROOT = iphoneos;
				SWIFT_ACTIVE_COMPILATION_CONDITIONS = DEBUG;
				SWIFT_OPTIMIZATION_LEVEL = "-Onone";
			};
			name = Debug;
		};
		1BD15EA026CAC370002F0145 /* Release */ = {
			isa = XCBuildConfiguration;
			buildSettings = {
				ALWAYS_SEARCH_USER_PATHS = NO;
				CLANG_ANALYZER_NONNULL = YES;
				CLANG_ANALYZER_NUMBER_OBJECT_CONVERSION = YES_AGGRESSIVE;
				CLANG_CXX_LANGUAGE_STANDARD = "gnu++14";
				CLANG_CXX_LIBRARY = "libc++";
				CLANG_ENABLE_MODULES = YES;
				CLANG_ENABLE_OBJC_ARC = YES;
				CLANG_ENABLE_OBJC_WEAK = YES;
				CLANG_WARN_BLOCK_CAPTURE_AUTORELEASING = YES;
				CLANG_WARN_BOOL_CONVERSION = YES;
				CLANG_WARN_COMMA = YES;
				CLANG_WARN_CONSTANT_CONVERSION = YES;
				CLANG_WARN_DEPRECATED_OBJC_IMPLEMENTATIONS = YES;
				CLANG_WARN_DIRECT_OBJC_ISA_USAGE = YES_ERROR;
				CLANG_WARN_DOCUMENTATION_COMMENTS = YES;
				CLANG_WARN_EMPTY_BODY = YES;
				CLANG_WARN_ENUM_CONVERSION = YES;
				CLANG_WARN_INFINITE_RECURSION = YES;
				CLANG_WARN_INT_CONVERSION = YES;
				CLANG_WARN_NON_LITERAL_NULL_CONVERSION = YES;
				CLANG_WARN_OBJC_IMPLICIT_RETAIN_SELF = YES;
				CLANG_WARN_OBJC_LITERAL_CONVERSION = YES;
				CLANG_WARN_OBJC_ROOT_CLASS = YES_ERROR;
				CLANG_WARN_QUOTED_INCLUDE_IN_FRAMEWORK_HEADER = YES;
				CLANG_WARN_RANGE_LOOP_ANALYSIS = YES;
				CLANG_WARN_STRICT_PROTOTYPES = YES;
				CLANG_WARN_SUSPICIOUS_MOVE = YES;
				CLANG_WARN_UNGUARDED_AVAILABILITY = YES_AGGRESSIVE;
				CLANG_WARN_UNREACHABLE_CODE = YES;
				CLANG_WARN__DUPLICATE_METHOD_MATCH = YES;
				COPY_PHASE_STRIP = NO;
				DEBUG_INFORMATION_FORMAT = "dwarf-with-dsym";
				ENABLE_NS_ASSERTIONS = NO;
				ENABLE_STRICT_OBJC_MSGSEND = YES;
				GCC_C_LANGUAGE_STANDARD = gnu11;
				GCC_NO_COMMON_BLOCKS = YES;
				GCC_WARN_64_TO_32_BIT_CONVERSION = YES;
				GCC_WARN_ABOUT_RETURN_TYPE = YES_ERROR;
				GCC_WARN_UNDECLARED_SELECTOR = YES;
				GCC_WARN_UNINITIALIZED_AUTOS = YES_AGGRESSIVE;
				GCC_WARN_UNUSED_FUNCTION = YES;
				GCC_WARN_UNUSED_VARIABLE = YES;
				IPHONEOS_DEPLOYMENT_TARGET = 14.5;
				MTL_ENABLE_DEBUG_INFO = NO;
				MTL_FAST_MATH = YES;
				SDKROOT = iphoneos;
				SWIFT_COMPILATION_MODE = wholemodule;
				SWIFT_OPTIMIZATION_LEVEL = "-O";
				VALIDATE_PRODUCT = YES;
			};
			name = Release;
		};
		1BD15EA226CAC370002F0145 /* Debug */ = {
			isa = XCBuildConfiguration;
			baseConfigurationReference = C0A03248C361362FCDF525F7 /* Pods-DH Video Lite.debug.xcconfig */;
			buildSettings = {
				ASSETCATALOG_COMPILER_APPICON_NAME = AppIcon;
				ASSETCATALOG_COMPILER_GLOBAL_ACCENT_COLOR_NAME = AccentColor;
				CODE_SIGN_STYLE = Automatic;
				DEVELOPMENT_TEAM = 927YGY67XQ;
				INFOPLIST_FILE = "DH Video Lite/Info.plist";
				IPHONEOS_DEPLOYMENT_TARGET = 13.0;
				LD_RUNPATH_SEARCH_PATHS = (
					"$(inherited)",
					"@executable_path/Frameworks",
				);
				PRODUCT_BUNDLE_IDENTIFIER = "com.DH-Noobs.DH-Video-Lite";
				PRODUCT_NAME = "$(TARGET_NAME)";
				SWIFT_VERSION = 5.0;
				TARGETED_DEVICE_FAMILY = 1;
			};
			name = Debug;
		};
		1BD15EA326CAC370002F0145 /* Release */ = {
			isa = XCBuildConfiguration;
			baseConfigurationReference = 95FD1209B0BFE864819C1AF0 /* Pods-DH Video Lite.release.xcconfig */;
			buildSettings = {
				ASSETCATALOG_COMPILER_APPICON_NAME = AppIcon;
				ASSETCATALOG_COMPILER_GLOBAL_ACCENT_COLOR_NAME = AccentColor;
				CODE_SIGN_STYLE = Automatic;
				DEVELOPMENT_TEAM = 927YGY67XQ;
				INFOPLIST_FILE = "DH Video Lite/Info.plist";
				IPHONEOS_DEPLOYMENT_TARGET = 13.0;
				LD_RUNPATH_SEARCH_PATHS = (
					"$(inherited)",
					"@executable_path/Frameworks",
				);
				PRODUCT_BUNDLE_IDENTIFIER = "com.DH-Noobs.DH-Video-Lite";
				PRODUCT_NAME = "$(TARGET_NAME)";
				SWIFT_VERSION = 5.0;
				TARGETED_DEVICE_FAMILY = 1;
			};
			name = Release;
		};
/* End XCBuildConfiguration section */

/* Begin XCConfigurationList section */
		1BD15E8826CAC36F002F0145 /* Build configuration list for PBXProject "DH Video Lite" */ = {
			isa = XCConfigurationList;
			buildConfigurations = (
				1BD15E9F26CAC370002F0145 /* Debug */,
				1BD15EA026CAC370002F0145 /* Release */,
			);
			defaultConfigurationIsVisible = 0;
			defaultConfigurationName = Release;
		};
		1BD15EA126CAC370002F0145 /* Build configuration list for PBXNativeTarget "DH Video Lite" */ = {
			isa = XCConfigurationList;
			buildConfigurations = (
				1BD15EA226CAC370002F0145 /* Debug */,
				1BD15EA326CAC370002F0145 /* Release */,
			);
			defaultConfigurationIsVisible = 0;
			defaultConfigurationName = Release;
		};
/* End XCConfigurationList section */
	};
	rootObject = 1BD15E8526CAC36F002F0145 /* Project object */;
}
